schema: '2.0'
stages:
  split_data:
    cmd: python src/stage_02_split_data.py --config=config/config.yaml --params=params.yaml
    deps:
    - path: artifacts/raw_local_dir/data.csv
      md5: 7d814a1bda02145efe703f4e1c01847a
      size: 93599
    - path: config/config.yaml
      md5: 542139a8e7bd16d2c581f1505ec4976b
      size: 397
    - path: src/stage_02_split_data.py
      md5: 30621da5cd6e369df73735c2cacff1a2
      size: 1722
    - path: src/utils/all_utils.py
      md5: 45ca3e6d3253e6b44ae4f40fcf13c9b4
      size: 720
    params:
      params.yaml:
        base.random_state: 42
        base.test_size: 0.3
    outs:
    - path: artifacts/split_data_dir/test.csv
      md5: 3a3eef9f920deae72cb9bcd7b91231f1
      size: 28169
    - path: artifacts/split_data_dir/train.csv
      md5: 5e5a3523f0fba3925dc577c3baf2c5cd
      size: 65577
  load_data:
    cmd: python src/stage_01_load_save.py --config=config/config.yaml
    deps:
    - path: config/config.yaml
      md5: 542139a8e7bd16d2c581f1505ec4976b
      size: 397
    - path: src/stage_01_load_save.py
      md5: c1423a2b371f8d876bc6a2125a16da8c
      size: 1062
    - path: src/utils/all_utils.py
      md5: 45ca3e6d3253e6b44ae4f40fcf13c9b4
      size: 720
    outs:
    - path: artifacts/raw_local_dir/data.csv
      md5: 7d814a1bda02145efe703f4e1c01847a
      size: 93599
  train:
    cmd: python src/stage_03_train.py --config=config/config.yaml --params=params.yaml
    deps:
    - path: artifacts/split_data_dir/train.csv
      md5: 5e5a3523f0fba3925dc577c3baf2c5cd
      size: 65577
    - path: config/config.yaml
      md5: 542139a8e7bd16d2c581f1505ec4976b
      size: 397
    - path: src/stage_03_train.py
      md5: 924111b1865c72ab47bc8b952ce73d71
      size: 1635
    - path: src/utils/all_utils.py
      md5: 45ca3e6d3253e6b44ae4f40fcf13c9b4
      size: 720
    params:
      params.yaml:
        base.random_state: 42
        model_params.ElasticNet.alpha: 0.5
        model_params.ElasticNet.l1_ratio: 0.5
    outs:
    - path: artifacts/model_dir/ElasticNet.model
      md5: cf972b0487ac1a1d8244e3daf72ff18f
      size: 1314
  evaluate:
    cmd: python src/stage_04_evaluate.py --config=config/config.yaml --params=params.yaml
    deps:
    - path: artifacts/model_dir/ElasticNet.model
      md5: cf972b0487ac1a1d8244e3daf72ff18f
      size: 1314
    - path: artifacts/split_data_dir/test.csv
      md5: 3a3eef9f920deae72cb9bcd7b91231f1
      size: 28169
    - path: config/config.yaml
      md5: 542139a8e7bd16d2c581f1505ec4976b
      size: 397
    - path: src/stage_04_evaluate.py
      md5: 30cb543c2e4daefa2d8105a16537595a
      size: 2134
    - path: src/utils/all_utils.py
      md5: 45ca3e6d3253e6b44ae4f40fcf13c9b4
      size: 720
    outs:
    - path: artifacts/reports_dir/scores.json
      md5: 0c5d4198364b857d9f249c16463c99d8
      size: 100
